
Microsoft Visual Studio Solution File, Format Version 12.00
# Visual Studio Version 16
VisualStudioVersion = 16.0.34601.136
MinimumVisualStudioVersion = 10.0.40219.1
Project("{FAE04EC0-301F-11D3-BF4B-00C04F79EFBC}") = "MayinOnline", "MayinOnline\MayinOnline.csproj", "{7AF62BC3-6C16-4E50-AF47-F5A374F35FAF}"
EndProject
Global
	GlobalSection(SolutionConfigurationPlatforms) = preSolution
		Debug|Any CPU = Debug|Any CPU
		Release|Any CPU = Release|Any CPU
	EndGlobalSection
	GlobalSection(ProjectConfigurationPlatforms) = postSolution
		{7AF62BC3-6C16-4E50-AF47-F5A374F35FAF}.Debug|Any CPU.ActiveCfg = Debug|Any CPU
		{7AF62BC3-6C16-4E50-AF47-F5A374F35FAF}.Debug|Any CPU.Build.0 = Debug|Any CPU
		{7AF62BC3-6C16-4E50-AF47-F5A374F35FAF}.Release|Any CPU.ActiveCfg = Release|Any CPU
		{7AF62BC3-6C16-4E50-AF47-F5A374F35FAF}.Release|Any CPU.Build.0 = Release|Any CPU
	EndGlobalSection
	GlobalSection(SolutionProperties) = preSolution
		HideSolutionNode = FALSE
	EndGlobalSection
	GlobalSection(ExtensibilityGlobals) = postSolution
		SolutionGuid = {8E16447D-48D0-448F-9691-69514E6DBAA4}
	EndGlobalSection
EndGlobal
